// !$*UTF8*$!
{
	archiveVersion = 1;
	classes = {
	};
	objectVersion = 46;
	objects = {

/* Begin PBXBuildFile section */
		1F1C6D101CE55EAE00EBF79A /* AudioPlayTool.m in Sources */ = {isa = PBXBuildFile; fileRef = 1F1C6D0F1CE55EAE00EBF79A /* AudioPlayTool.m */; };
		1F5419321CDA36AA0063EC6E /* main.m in Sources */ = {isa = PBXBuildFile; fileRef = 1F5419311CDA36AA0063EC6E /* main.m */; };
		1F5419351CDA36AA0063EC6E /* AppDelegate.m in Sources */ = {isa = PBXBuildFile; fileRef = 1F5419341CDA36AA0063EC6E /* AppDelegate.m */; };
		1F5419381CDA36AA0063EC6E /* ViewController.m in Sources */ = {isa = PBXBuildFile; fileRef = 1F5419371CDA36AA0063EC6E /* ViewController.m */; };
		1F54193B1CDA36AA0063EC6E /* Main.storyboard in Resources */ = {isa = PBXBuildFile; fileRef = 1F5419391CDA36AA0063EC6E /* Main.storyboard */; };
		1F54193D1CDA36AA0063EC6E /* Assets.xcassets in Resources */ = {isa = PBXBuildFile; fileRef = 1F54193C1CDA36AA0063EC6E /* Assets.xcassets */; };
		1F5419401CDA36AA0063EC6E /* LaunchScreen.storyboard in Resources */ = {isa = PBXBuildFile; fileRef = 1F54193E1CDA36AA0063EC6E /* LaunchScreen.storyboard */; };
		1F5419481CDA4BB00063EC6E /* Resources.plist in Resources */ = {isa = PBXBuildFile; fileRef = 1F5419471CDA4BB00063EC6E /* Resources.plist */; };
		1F54194B1CDA4C2E0063EC6E /* ReadWordView.m in Sources */ = {isa = PBXBuildFile; fileRef = 1F54194A1CDA4C2E0063EC6E /* ReadWordView.m */; };
		1F5419511CDA512C0063EC6E /* WordHeaderView.m in Sources */ = {isa = PBXBuildFile; fileRef = 1F5419501CDA512C0063EC6E /* WordHeaderView.m */; };
		1F5419771CDAB0A90063EC6E /* ReadWordCell.m in Sources */ = {isa = PBXBuildFile; fileRef = 1F5419761CDAB0A90063EC6E /* ReadWordCell.m */; };
		1F54197A1CDAB1750063EC6E /* WordModel.m in Sources */ = {isa = PBXBuildFile; fileRef = 1F5419791CDAB1750063EC6E /* WordModel.m */; };
		1F6B7E211CDAF7CA00F006FB /* ReadWordCell.xib in Resources */ = {isa = PBXBuildFile; fileRef = 1F6B7E201CDAF7CA00F006FB /* ReadWordCell.xib */; };
		1F83A2441CDC6BE2001C364F /* UIView+Extension.m in Sources */ = {isa = PBXBuildFile; fileRef = 1F83A2431CDC6BE2001C364F /* UIView+Extension.m */; };
/* End PBXBuildFile section */

/* Begin PBXFileReference section */
		1F1C6D0E1CE55EAE00EBF79A /* AudioPlayTool.h */ = {isa = PBXFileReference; fileEncoding = 4; lastKnownFileType = sourcecode.c.h; path = AudioPlayTool.h; sourceTree = "<group>"; };
		1F1C6D0F1CE55EAE00EBF79A /* AudioPlayTool.m */ = {isa = PBXFileReference; fileEncoding = 4; lastKnownFileType = sourcecode.c.objc; path = AudioPlayTool.m; sourceTree = "<group>"; };
		1F54192D1CDA36AA0063EC6E /* 读单词View.app */ = {isa = PBXFileReference; explicitFileType = wrapper.application; includeInIndex = 0; path = "读单词View.app"; sourceTree = BUILT_PRODUCTS_DIR; };
		1F5419311CDA36AA0063EC6E /* main.m */ = {isa = PBXFileReference; lastKnownFileType = sourcecode.c.objc; path = main.m; sourceTree = "<group>"; };
		1F5419331CDA36AA0063EC6E /* AppDelegate.h */ = {isa = PBXFileReference; lastKnownFileType = sourcecode.c.h; path = AppDelegate.h; sourceTree = "<group>"; };
		1F5419341CDA36AA0063EC6E /* AppDelegate.m */ = {isa = PBXFileReference; lastKnownFileType = sourcecode.c.objc; path = AppDelegate.m; sourceTree = "<group>"; };
		1F5419361CDA36AA0063EC6E /* ViewController.h */ = {isa = PBXFileReference; lastKnownFileType = sourcecode.c.h; path = ViewController.h; sourceTree = "<group>"; };
		1F5419371CDA36AA0063EC6E /* ViewController.m */ = {isa = PBXFileReference; lastKnownFileType = sourcecode.c.objc; path = ViewController.m; sourceTree = "<group>"; };
		1F54193A1CDA36AA0063EC6E /* Base */ = {isa = PBXFileReference; lastKnownFileType = file.storyboard; name = Base; path = Base.lproj/Main.storyboard; sourceTree = "<group>"; };
		1F54193C1CDA36AA0063EC6E /* Assets.xcassets */ = {isa = PBXFileReference; lastKnownFileType = folder.assetcatalog; path = Assets.xcassets; sourceTree = "<group>"; };
		1F54193F1CDA36AA0063EC6E /* Base */ = {isa = PBXFileReference; lastKnownFileType = file.storyboard; name = Base; path = Base.lproj/LaunchScreen.storyboard; sourceTree = "<group>"; };
		1F5419411CDA36AA0063EC6E /* Info.plist */ = {isa = PBXFileReference; lastKnownFileType = text.plist.xml; path = Info.plist; sourceTree = "<group>"; };
		1F5419471CDA4BB00063EC6E /* Resources.plist */ = {isa = PBXFileReference; fileEncoding = 4; lastKnownFileType = text.plist.xml; path = Resources.plist; sourceTree = "<group>"; };
		1F5419491CDA4C2E0063EC6E /* ReadWordView.h */ = {isa = PBXFileReference; fileEncoding = 4; lastKnownFileType = sourcecode.c.h; path = ReadWordView.h; sourceTree = "<group>"; };
		1F54194A1CDA4C2E0063EC6E /* ReadWordView.m */ = {isa = PBXFileReference; fileEncoding = 4; lastKnownFileType = sourcecode.c.objc; path = ReadWordView.m; sourceTree = "<group>"; };
		1F54194F1CDA512C0063EC6E /* WordHeaderView.h */ = {isa = PBXFileReference; fileEncoding = 4; lastKnownFileType = sourcecode.c.h; path = WordHeaderView.h; sourceTree = "<group>"; };
		1F5419501CDA512C0063EC6E /* WordHeaderView.m */ = {isa = PBXFileReference; fileEncoding = 4; lastKnownFileType = sourcecode.c.objc; path = WordHeaderView.m; sourceTree = "<group>"; };
		1F5419751CDAB0A90063EC6E /* ReadWordCell.h */ = {isa = PBXFileReference; fileEncoding = 4; lastKnownFileType = sourcecode.c.h; path = ReadWordCell.h; sourceTree = "<group>"; };
		1F5419761CDAB0A90063EC6E /* ReadWordCell.m */ = {isa = PBXFileReference; fileEncoding = 4; lastKnownFileType = sourcecode.c.objc; path = ReadWordCell.m; sourceTree = "<group>"; };
		1F5419781CDAB1750063EC6E /* WordModel.h */ = {isa = PBXFileReference; fileEncoding = 4; lastKnownFileType = sourcecode.c.h; path = WordModel.h; sourceTree = "<group>"; };
		1F5419791CDAB1750063EC6E /* WordModel.m */ = {isa = PBXFileReference; fileEncoding = 4; lastKnownFileType = sourcecode.c.objc; path = WordModel.m; sourceTree = "<group>"; };
		1F6B7E201CDAF7CA00F006FB /* ReadWordCell.xib */ = {isa = PBXFileReference; fileEncoding = 4; lastKnownFileType = file.xib; path = ReadWordCell.xib; sourceTree = "<group>"; };
		1F83A2421CDC6BE2001C364F /* UIView+Extension.h */ = {isa = PBXFileReference; fileEncoding = 4; lastKnownFileType = sourcecode.c.h; path = "UIView+Extension.h"; sourceTree = "<group>"; };
		1F83A2431CDC6BE2001C364F /* UIView+Extension.m */ = {isa = PBXFileReference; fileEncoding = 4; lastKnownFileType = sourcecode.c.objc; path = "UIView+Extension.m"; sourceTree = "<group>"; };
/* End PBXFileReference section */

/* Begin PBXFrameworksBuildPhase section */
		1F54192A1CDA36AA0063EC6E /* Frameworks */ = {
			isa = PBXFrameworksBuildPhase;
			buildActionMask = 2147483647;
			files = (
			);
			runOnlyForDeploymentPostprocessing = 0;
		};
/* End PBXFrameworksBuildPhase section */

/* Begin PBXGroup section */
		1F1C6D0C1CE55D6500EBF79A /* ListView */ = {
			isa = PBXGroup;
			children = (
				1F83A2421CDC6BE2001C364F /* UIView+Extension.h */,
				1F83A2431CDC6BE2001C364F /* UIView+Extension.m */,
				1F5419491CDA4C2E0063EC6E /* ReadWordView.h */,
				1F54194A1CDA4C2E0063EC6E /* ReadWordView.m */,
				1F5419781CDAB1750063EC6E /* WordModel.h */,
				1F5419791CDAB1750063EC6E /* WordModel.m */,
				1F54194F1CDA512C0063EC6E /* WordHeaderView.h */,
				1F5419501CDA512C0063EC6E /* WordHeaderView.m */,
				1F5419471CDA4BB00063EC6E /* Resources.plist */,
				1F5419751CDAB0A90063EC6E /* ReadWordCell.h */,
				1F5419761CDAB0A90063EC6E /* ReadWordCell.m */,
				1F6B7E201CDAF7CA00F006FB /* ReadWordCell.xib */,
			);
			path = ListView;
			sourceTree = "<group>";
		};
		1F1C6D0D1CE55DC200EBF79A /* AudioTool */ = {
			isa = PBXGroup;
			children = (
				1F1C6D0E1CE55EAE00EBF79A /* AudioPlayTool.h */,
				1F1C6D0F1CE55EAE00EBF79A /* AudioPlayTool.m */,
			);
			path = AudioTool;
			sourceTree = "<group>";
		};
		1F5419241CDA36AA0063EC6E = {
			isa = PBXGroup;
			children = (
				1F54192F1CDA36AA0063EC6E /* 读单词View */,
				1F54192E1CDA36AA0063EC6E /* Products */,
			);
			sourceTree = "<group>";
		};
		1F54192E1CDA36AA0063EC6E /* Products */ = {
			isa = PBXGroup;
			children = (
				1F54192D1CDA36AA0063EC6E /* 读单词View.app */,
			);
			name = Products;
			sourceTree = "<group>";
		};
		1F54192F1CDA36AA0063EC6E /* 读单词View */ = {
			isa = PBXGroup;
			children = (
				1F1C6D0D1CE55DC200EBF79A /* AudioTool */,
				1F1C6D0C1CE55D6500EBF79A /* ListView */,
				1F5419301CDA36AA0063EC6E /* Supporting Files */,
			);
			path = "读单词View";
			sourceTree = "<group>";
		};
		1F5419301CDA36AA0063EC6E /* Supporting Files */ = {
			isa = PBXGroup;
			children = (
				1F5419331CDA36AA0063EC6E /* AppDelegate.h */,
				1F5419341CDA36AA0063EC6E /* AppDelegate.m */,
				1F5419361CDA36AA0063EC6E /* ViewController.h */,
				1F5419371CDA36AA0063EC6E /* ViewController.m */,
				1F5419391CDA36AA0063EC6E /* Main.storyboard */,
				1F54193C1CDA36AA0063EC6E /* Assets.xcassets */,
				1F54193E1CDA36AA0063EC6E /* LaunchScreen.storyboard */,
				1F5419411CDA36AA0063EC6E /* Info.plist */,
				1F5419311CDA36AA0063EC6E /* main.m */,
			);
			name = "Supporting Files";
			sourceTree = "<group>";
		};
/* End PBXGroup section */

/* Begin PBXNativeTarget section */
		1F54192C1CDA36AA0063EC6E /* 读单词View */ = {
			isa = PBXNativeTarget;
			buildConfigurationList = 1F5419441CDA36AA0063EC6E /* Build configuration list for PBXNativeTarget "读单词View" */;
			buildPhases = (
				1F5419291CDA36AA0063EC6E /* Sources */,
				1F54192A1CDA36AA0063EC6E /* Frameworks */,
				1F54192B1CDA36AA0063EC6E /* Resources */,
			);
			buildRules = (
			);
			dependencies = (
			);
			name = "读单词View";
			productName = "读单词View";
			productReference = 1F54192D1CDA36AA0063EC6E /* 读单词View.app */;
			productType = "com.apple.product-type.application";
		};
/* End PBXNativeTarget section */

/* Begin PBXProject section */
		1F5419251CDA36AA0063EC6E /* Project object */ = {
			isa = PBXProject;
			attributes = {
				LastUpgradeCheck = 0730;
				ORGANIZATIONNAME = lcjingdi;
				TargetAttributes = {
					1F54192C1CDA36AA0063EC6E = {
						CreatedOnToolsVersion = 7.3;
					};
				};
			};
			buildConfigurationList = 1F5419281CDA36AA0063EC6E /* Build configuration list for PBXProject "读单词View" */;
			compatibilityVersion = "Xcode 3.2";
			developmentRegion = English;
			hasScannedForEncodings = 0;
			knownRegions = (
				en,
				Base,
			);
			mainGroup = 1F5419241CDA36AA0063EC6E;
			productRefGroup = 1F54192E1CDA36AA0063EC6E /* Products */;
			projectDirPath = "";
			projectRoot = "";
			targets = (
				1F54192C1CDA36AA0063EC6E /* 读单词View */,
			);
		};
/* End PBXProject section */

/* Begin PBXResourcesBuildPhase section */
		1F54192B1CDA36AA0063EC6E /* Resources */ = {
			isa = PBXResourcesBuildPhase;
			buildActionMask = 2147483647;
			files = (
				1F5419481CDA4BB00063EC6E /* Resources.plist in Resources */,
				1F5419401CDA36AA0063EC6E /* LaunchScreen.storyboard in Resources */,
				1F54193D1CDA36AA0063EC6E /* Assets.xcassets in Resources */,
				1F54193B1CDA36AA0063EC6E /* Main.storyboard in Resources */,
				1F6B7E211CDAF7CA00F006FB /* ReadWordCell.xib in Resources */,
			);
			runOnlyForDeploymentPostprocessing = 0;
		};
/* End PBXResourcesBuildPhase section */

/* Begin PBXSourcesBuildPhase section */
		1F5419291CDA36AA0063EC6E /* Sources */ = {
			isa = PBXSourcesBuildPhase;
			buildActionMask = 2147483647;
			files = (
				1F5419771CDAB0A90063EC6E /* ReadWordCell.m in Sources */,
				1F54194B1CDA4C2E0063EC6E /* ReadWordView.m in Sources */,
				1F5419381CDA36AA0063EC6E /* ViewController.m in Sources */,
				1F54197A1CDAB1750063EC6E /* WordModel.m in Sources */,
				1F1C6D101CE55EAE00EBF79A /* AudioPlayTool.m in Sources */,
				1F5419511CDA512C0063EC6E /* WordHeaderView.m in Sources */,
				1F5419351CDA36AA0063EC6E /* AppDelegate.m in Sources */,
				1F83A2441CDC6BE2001C364F /* UIView+Extension.m in Sources */,
				1F5419321CDA36AA0063EC6E /* main.m in Sources */,
			);
			runOnlyForDeploymentPostprocessing = 0;
		};
/* End PBXSourcesBuildPhase section */

/* Begin PBXVariantGroup section */
		1F5419391CDA36AA0063EC6E /* Main.storyboard */ = {
			isa = PBXVariantGroup;
			children = (
				1F54193A1CDA36AA0063EC6E /* Base */,
			);
			name = Main.storyboard;
			sourceTree = "<group>";
		};
		1F54193E1CDA36AA0063EC6E /* LaunchScreen.storyboard */ = {
			isa = PBXVariantGroup;
			children = (
				1F54193F1CDA36AA0063EC6E /* Base */,
			);
			name = LaunchScreen.storyboard;
			sourceTree = "<group>";
		};
/* End PBXVariantGroup section */

/* Begin XCBuildConfiguration section */
		1F5419421CDA36AA0063EC6E /* Debug */ = {
			isa = XCBuildConfiguration;
			buildSettings = {
				ALWAYS_SEARCH_USER_PATHS = NO;
				CLANG_ANALYZER_NONNULL = YES;
				CLANG_CXX_LANGUAGE_STANDARD = "gnu++0x";
				CLANG_CXX_LIBRARY = "libc++";
				CLANG_ENABLE_MODULES = YES;
				CLANG_ENABLE_OBJC_ARC = YES;
				CLANG_WARN_BOOL_CONVERSION = YES;
				CLANG_WARN_CONSTANT_CONVERSION = YES;
				CLANG_WARN_DIRECT_OBJC_ISA_USAGE = YES_ERROR;
				CLANG_WARN_EMPTY_BODY = YES;
				CLANG_WARN_ENUM_CONVERSION = YES;
				CLANG_WARN_INT_CONVERSION = YES;
				CLANG_WARN_OBJC_ROOT_CLASS = YES_ERROR;
				CLANG_WARN_UNREACHABLE_CODE = YES;
				CLANG_WARN__DUPLICATE_METHOD_MATCH = YES;
				"CODE_SIGN_IDENTITY[sdk=iphoneos*]" = "iPhone Developer";
				COPY_PHASE_STRIP = NO;
				DEBUG_INFORMATION_FORMAT = dwarf;
				ENABLE_STRICT_OBJC_MSGSEND = YES;
				ENABLE_TESTABILITY = YES;
				GCC_C_LANGUAGE_STANDARD = gnu99;
				GCC_DYNAMIC_NO_PIC = NO;
				GCC_NO_COMMON_BLOCKS = YES;
				GCC_OPTIMIZATION_LEVEL = 0;
				GCC_PREPROCESSOR_DEFINITIONS = (
					"DEBUG=1",
					"$(inherited)",
				);
				GCC_WARN_64_TO_32_BIT_CONVERSION = YES;
				GCC_WARN_ABOUT_RETURN_TYPE = YES_ERROR;
				GCC_WARN_UNDECLARED_SELECTOR = YES;
				GCC_WARN_UNINITIALIZED_AUTOS = YES_AGGRESSIVE;
				GCC_WARN_UNUSED_FUNCTION = YES;
				GCC_WARN_UNUSED_VARIABLE = YES;
				IPHONEOS_DEPLOYMENT_TARGET = 9.3;
				MTL_ENABLE_DEBUG_INFO = YES;
				ONLY_ACTIVE_ARCH = YES;
				SDKROOT = iphoneos;
			};
			name = Debug;
		};
		1F5419431CDA36AA0063EC6E /* Release */ = {
			isa = XCBuildConfiguration;
			buildSettings = {
				ALWAYS_SEARCH_USER_PATHS = NO;
				CLANG_ANALYZER_NONNULL = YES;
				CLANG_CXX_LANGUAGE_STANDARD = "gnu++0x";
				CLANG_CXX_LIBRARY = "libc++";
				CLANG_ENABLE_MODULES = YES;
				CLANG_ENABLE_OBJC_ARC = YES;
				CLANG_WARN_BOOL_CONVERSION = YES;
				CLANG_WARN_CONSTANT_CONVERSION = YES;
				CLANG_WARN_DIRECT_OBJC_ISA_USAGE = YES_ERROR;
				CLANG_WARN_EMPTY_BODY = YES;
				CLANG_WARN_ENUM_CONVERSION = YES;
				CLANG_WARN_INT_CONVERSION = YES;
				CLANG_WARN_OBJC_ROOT_CLASS = YES_ERROR;
				CLANG_WARN_UNREACHABLE_CODE = YES;
				CLANG_WARN__DUPLICATE_METHOD_MATCH = YES;
				"CODE_SIGN_IDENTITY[sdk=iphoneos*]" = "iPhone Developer";
				COPY_PHASE_STRIP = NO;
				DEBUG_INFORMATION_FORMAT = "dwarf-with-dsym";
				ENABLE_NS_ASSERTIONS = NO;
				ENABLE_STRICT_OBJC_MSGSEND = YES;
				GCC_C_LANGUAGE_STANDARD = gnu99;
				GCC_NO_COMMON_BLOCKS = YES;
				GCC_WARN_64_TO_32_BIT_CONVERSION = YES;
				GCC_WARN_ABOUT_RETURN_TYPE = YES_ERROR;
				GCC_WARN_UNDECLARED_SELECTOR = YES;
				GCC_WARN_UNINITIALIZED_AUTOS = YES_AGGRESSIVE;
				GCC_WARN_UNUSED_FUNCTION = YES;
				GCC_WARN_UNUSED_VARIABLE = YES;
				IPHONEOS_DEPLOYMENT_TARGET = 9.3;
				MTL_ENABLE_DEBUG_INFO = NO;
				SDKROOT = iphoneos;
				VALIDATE_PRODUCT = YES;
			};
			name = Release;
		};
		1F5419451CDA36AA0063EC6E /* Debug */ = {
			isa = XCBuildConfiguration;
			buildSettings = {
				ASSETCATALOG_COMPILER_APPICON_NAME = AppIcon;
				INFOPLIST_FILE = "读单词View/Info.plist";
				IPHONEOS_DEPLOYMENT_TARGET = 7.1;
				LD_RUNPATH_SEARCH_PATHS = "$(inherited) @executable_path/Frameworks";
				PRODUCT_BUNDLE_IDENTIFIER = com.xxoo.readWord;
				PRODUCT_NAME = "$(TARGET_NAME)";
			};
			name = Debug;
		};
		1F5419461CDA36AA0063EC6E /* Release */ = {
			isa = XCBuildConfiguration;
			buildSettings = {
				ASSETCATALOG_COMPILER_APPICON_NAME = AppIcon;
				INFOPLIST_FILE = "读单词View/Info.plist";
				IPHONEOS_DEPLOYMENT_TARGET = 7.1;
				LD_RUNPATH_SEARCH_PATHS = "$(inherited) @executable_path/Frameworks";
				PRODUCT_BUNDLE_IDENTIFIER = com.xxoo.readWord;
				PRODUCT_NAME = "$(TARGET_NAME)";
			};
			name = Release;
		};
/* End XCBuildConfiguration section */

/* Begin XCConfigurationList section */
		1F5419281CDA36AA0063EC6E /* Build configuration list for PBXProject "读单词View" */ = {
			isa = XCConfigurationList;
			buildConfigurations = (
				1F5419421CDA36AA0063EC6E /* Debug */,
				1F5419431CDA36AA0063EC6E /* Release */,
			);
			defaultConfigurationIsVisible = 0;
			defaultConfigurationName = Release;
		};
		1F5419441CDA36AA0063EC6E /* Build configuration list for PBXNativeTarget "读单词View" */ = {
			isa = XCConfigurationList;
			buildConfigurations = (
				1F5419451CDA36AA0063EC6E /* Debug */,
				1F5419461CDA36AA0063EC6E /* Release */,
			);
			defaultConfigurationIsVisible = 0;
			defaultConfigurationName = Release;
		};
/* End XCConfigurationList section */
	};
	rootObject = 1F5419251CDA36AA0063EC6E /* Project object */;
}
